
Microsoft Visual Studio Solution File, Format Version 12.00
# Visual Studio Version 16
VisualStudioVersion = 16.0.30011.22
MinimumVisualStudioVersion = 10.0.40219.1
Project("{2150E333-8FDC-42A3-9474-1A3956D46DE8}") = "Chocolatey", "Chocolatey", "{40EBC2C0-D88E-41A9-9D03-A9315DB47D2C}"
	ProjectSection(SolutionItems) = preProject
		chocolateyInstall.ps1 = chocolateyInstall.ps1
		chocolateyUninstall.ps1 = chocolateyUninstall.ps1
		Time.txt.Install.nuspec = Time.txt.Install.nuspec
	EndProjectSection
EndProject
Project("{2150E333-8FDC-42A3-9474-1A3956D46DE8}") = "Scripts", "Scripts", "{8185397D-714F-4674-A708-38FF5E63B060}"
	ProjectSection(SolutionItems) = preProject
		build-release.cmd = build-release.cmd
		build.cmd = build.cmd
		deploy.cmd = deploy.cmd
		package.cmd = package.cmd
		Scripts\PsakeTasks.ps1 = Scripts\PsakeTasks.ps1
		Scripts\Run-Psake.ps1 = Scripts\Run-Psake.ps1
		runtests.cmd = runtests.cmd
	EndProjectSection
EndProject
Project("{2150E333-8FDC-42A3-9474-1A3956D46DE8}") = "Testing", "Testing", "{635D8DC6-46F1-4C50-B24B-4B04ECC9CDE8}"
EndProject
Project("{2150E333-8FDC-42A3-9474-1A3956D46DE8}") = "Documentation", "Documentation", "{134BA8F2-9D6E-4090-81FA-8FE07D6F98B7}"
	ProjectSection(SolutionItems) = preProject
		README.md = README.md
	EndProjectSection
EndProject
Project("{2150E333-8FDC-42A3-9474-1A3956D46DE8}") = "Git", "Git", "{A6447336-E1B8-4F09-91EB-F375CFF46445}"
	ProjectSection(SolutionItems) = preProject
		.gitignore = .gitignore
	EndProjectSection
EndProject
Project("{9A19103F-16F7-4668-BE54-9A1E7A4F7556}") = "TimeTxt.Core", "Source\TimeTxt.Core\TimeTxt.Core.csproj", "{B8D8B749-4961-42BB-AEF9-FB347802C40A}"
EndProject
Project("{9A19103F-16F7-4668-BE54-9A1E7A4F7556}") = "TimeTxt.Exe", "Source\TimeTxt.Exe\TimeTxt.Exe.csproj", "{19A7DCF0-67E3-47EB-8DE0-D5D708D236AD}"
EndProject
Project("{9A19103F-16F7-4668-BE54-9A1E7A4F7556}") = "TimeTxt.Facts", "Source\TimeTxt.Facts\TimeTxt.Facts.csproj", "{3A0957B2-8495-4A7E-8844-95F535ABD72B}"
EndProject
Project("{9A19103F-16F7-4668-BE54-9A1E7A4F7556}") = "TimeTxt.ApprovalTests", "Source\TimeTxt.ApprovalTests\TimeTxt.ApprovalTests.csproj", "{1D8546C1-5917-4BE0-8B75-041B539703A9}"
EndProject
Global
	GlobalSection(SolutionConfigurationPlatforms) = preSolution
		Debug|Any CPU = Debug|Any CPU
		Release|Any CPU = Release|Any CPU
	EndGlobalSection
	GlobalSection(ProjectConfigurationPlatforms) = postSolution
		{B8D8B749-4961-42BB-AEF9-FB347802C40A}.Debug|Any CPU.ActiveCfg = Debug|Any CPU
		{B8D8B749-4961-42BB-AEF9-FB347802C40A}.Debug|Any CPU.Build.0 = Debug|Any CPU
		{B8D8B749-4961-42BB-AEF9-FB347802C40A}.Release|Any CPU.ActiveCfg = Release|Any CPU
		{B8D8B749-4961-42BB-AEF9-FB347802C40A}.Release|Any CPU.Build.0 = Release|Any CPU
		{19A7DCF0-67E3-47EB-8DE0-D5D708D236AD}.Debug|Any CPU.ActiveCfg = Debug|Any CPU
		{19A7DCF0-67E3-47EB-8DE0-D5D708D236AD}.Debug|Any CPU.Build.0 = Debug|Any CPU
		{19A7DCF0-67E3-47EB-8DE0-D5D708D236AD}.Release|Any CPU.ActiveCfg = Release|Any CPU
		{19A7DCF0-67E3-47EB-8DE0-D5D708D236AD}.Release|Any CPU.Build.0 = Release|Any CPU
		{3A0957B2-8495-4A7E-8844-95F535ABD72B}.Debug|Any CPU.ActiveCfg = Debug|Any CPU
		{3A0957B2-8495-4A7E-8844-95F535ABD72B}.Debug|Any CPU.Build.0 = Debug|Any CPU
		{3A0957B2-8495-4A7E-8844-95F535ABD72B}.Release|Any CPU.ActiveCfg = Release|Any CPU
		{3A0957B2-8495-4A7E-8844-95F535ABD72B}.Release|Any CPU.Build.0 = Release|Any CPU
		{1D8546C1-5917-4BE0-8B75-041B539703A9}.Debug|Any CPU.ActiveCfg = Debug|Any CPU
		{1D8546C1-5917-4BE0-8B75-041B539703A9}.Debug|Any CPU.Build.0 = Debug|Any CPU
		{1D8546C1-5917-4BE0-8B75-041B539703A9}.Release|Any CPU.ActiveCfg = Release|Any CPU
		{1D8546C1-5917-4BE0-8B75-041B539703A9}.Release|Any CPU.Build.0 = Release|Any CPU
	EndGlobalSection
	GlobalSection(SolutionProperties) = preSolution
		HideSolutionNode = FALSE
	EndGlobalSection
	GlobalSection(NestedProjects) = preSolution
		{3A0957B2-8495-4A7E-8844-95F535ABD72B} = {635D8DC6-46F1-4C50-B24B-4B04ECC9CDE8}
		{1D8546C1-5917-4BE0-8B75-041B539703A9} = {635D8DC6-46F1-4C50-B24B-4B04ECC9CDE8}
	EndGlobalSection
	GlobalSection(ExtensibilityGlobals) = postSolution
		SolutionGuid = {D74839C3-4D66-4B0E-AC4A-E01D3A388D62}
	EndGlobalSection
EndGlobal
