
Microsoft Visual Studio Solution File, Format Version 12.00
# Visual Studio 2013
VisualStudioVersion = 12.0.21005.1
MinimumVisualStudioVersion = 10.0.40219.1
Project("{FAE04EC0-301F-11D3-BF4B-00C04F79EFBC}") = "TimeTxt.Core", "TimeTxt.Core\TimeTxt.Core.csproj", "{3EA3A6EB-4E8C-416C-84BE-CD5DEC5A619E}"
EndProject
Project("{FAE04EC0-301F-11D3-BF4B-00C04F79EFBC}") = "TimeTxt.Exe", "TimeTxt.Exe\TimeTxt.Exe.csproj", "{DBD80A22-B544-4B1D-AEFD-DF32518B0BAB}"
EndProject
Project("{FAE04EC0-301F-11D3-BF4B-00C04F79EFBC}") = "TimeTxt.ApprovalTests", "TimeTxt.ApprovalTests\TimeTxt.ApprovalTests.csproj", "{0900F559-E2E6-4464-B49F-F4E96A9FD6FB}"
EndProject
Project("{FAE04EC0-301F-11D3-BF4B-00C04F79EFBC}") = "TimeTxt.Facts", "TimeTxt.Facts\TimeTxt.Facts.csproj", "{8659A1CB-C818-4AC6-AA79-7FF2C1094C5F}"
EndProject
Project("{2150E333-8FDC-42A3-9474-1A3956D46DE8}") = ".nuget", ".nuget", "{EC1389C6-F92E-4BE8-9DA2-8D0A29CE20FD}"
	ProjectSection(SolutionItems) = preProject
		.nuget\packages.config = .nuget\packages.config
	EndProjectSection
EndProject
Global
	GlobalSection(SolutionConfigurationPlatforms) = preSolution
		Debug|Any CPU = Debug|Any CPU
		Release|Any CPU = Release|Any CPU
	EndGlobalSection
	GlobalSection(ProjectConfigurationPlatforms) = postSolution
		{3EA3A6EB-4E8C-416C-84BE-CD5DEC5A619E}.Debug|Any CPU.ActiveCfg = Debug|Any CPU
		{3EA3A6EB-4E8C-416C-84BE-CD5DEC5A619E}.Debug|Any CPU.Build.0 = Debug|Any CPU
		{3EA3A6EB-4E8C-416C-84BE-CD5DEC5A619E}.Release|Any CPU.ActiveCfg = Release|Any CPU
		{3EA3A6EB-4E8C-416C-84BE-CD5DEC5A619E}.Release|Any CPU.Build.0 = Release|Any CPU
		{DBD80A22-B544-4B1D-AEFD-DF32518B0BAB}.Debug|Any CPU.ActiveCfg = Debug|Any CPU
		{DBD80A22-B544-4B1D-AEFD-DF32518B0BAB}.Debug|Any CPU.Build.0 = Debug|Any CPU
		{DBD80A22-B544-4B1D-AEFD-DF32518B0BAB}.Release|Any CPU.ActiveCfg = Release|Any CPU
		{DBD80A22-B544-4B1D-AEFD-DF32518B0BAB}.Release|Any CPU.Build.0 = Release|Any CPU
		{0900F559-E2E6-4464-B49F-F4E96A9FD6FB}.Debug|Any CPU.ActiveCfg = Debug|Any CPU
		{0900F559-E2E6-4464-B49F-F4E96A9FD6FB}.Debug|Any CPU.Build.0 = Debug|Any CPU
		{0900F559-E2E6-4464-B49F-F4E96A9FD6FB}.Release|Any CPU.ActiveCfg = Release|Any CPU
		{0900F559-E2E6-4464-B49F-F4E96A9FD6FB}.Release|Any CPU.Build.0 = Release|Any CPU
		{8659A1CB-C818-4AC6-AA79-7FF2C1094C5F}.Debug|Any CPU.ActiveCfg = Debug|Any CPU
		{8659A1CB-C818-4AC6-AA79-7FF2C1094C5F}.Debug|Any CPU.Build.0 = Debug|Any CPU
		{8659A1CB-C818-4AC6-AA79-7FF2C1094C5F}.Release|Any CPU.ActiveCfg = Release|Any CPU
		{8659A1CB-C818-4AC6-AA79-7FF2C1094C5F}.Release|Any CPU.Build.0 = Release|Any CPU
	EndGlobalSection
	GlobalSection(SolutionProperties) = preSolution
		HideSolutionNode = FALSE
	EndGlobalSection
EndGlobal
